// !$*UTF8*$!
{
	archiveVersion = 1;
	classes = {
	};
	objectVersion = 56;
	objects = {

/* Begin PBXBuildFile section */
		442849B5299BEF170027FB03 /* DataPersistenceManager.swift in Sources */ = {isa = PBXBuildFile; fileRef = 442849B4299BEF170027FB03 /* DataPersistenceManager.swift */; };
		44347796298AA5F00017E389 /* WorldTimeData.swift in Sources */ = {isa = PBXBuildFile; fileRef = 44347795298AA5EF0017E389 /* WorldTimeData.swift */; };
		44347798298AAA4C0017E389 /* RegionTableViewCell.swift in Sources */ = {isa = PBXBuildFile; fileRef = 44347797298AAA4C0017E389 /* RegionTableViewCell.swift */; };
		4441E2EB298950CD00D6A3F1 /* AppDelegate.swift in Sources */ = {isa = PBXBuildFile; fileRef = 4441E2EA298950CD00D6A3F1 /* AppDelegate.swift */; };
		4441E2ED298950CD00D6A3F1 /* SceneDelegate.swift in Sources */ = {isa = PBXBuildFile; fileRef = 4441E2EC298950CD00D6A3F1 /* SceneDelegate.swift */; };
		4441E2F4298950CE00D6A3F1 /* Assets.xcassets in Resources */ = {isa = PBXBuildFile; fileRef = 4441E2F3298950CE00D6A3F1 /* Assets.xcassets */; };
		4441E2F7298950CE00D6A3F1 /* LaunchScreen.storyboard in Resources */ = {isa = PBXBuildFile; fileRef = 4441E2F5298950CE00D6A3F1 /* LaunchScreen.storyboard */; };
		4441E2FF2989518500D6A3F1 /* TabBarC.swift in Sources */ = {isa = PBXBuildFile; fileRef = 4441E2FE2989518500D6A3F1 /* TabBarC.swift */; };
		4441E301298952E100D6A3F1 /* WorldTimeVC.swift in Sources */ = {isa = PBXBuildFile; fileRef = 4441E300298952E100D6A3F1 /* WorldTimeVC.swift */; };
		4441E303298952F100D6A3F1 /* AlarmVC.swift in Sources */ = {isa = PBXBuildFile; fileRef = 4441E302298952F100D6A3F1 /* AlarmVC.swift */; };
		4441E3052989532300D6A3F1 /* StopWatchVC.swift in Sources */ = {isa = PBXBuildFile; fileRef = 4441E3042989532300D6A3F1 /* StopWatchVC.swift */; };
		4441E3072989534400D6A3F1 /* TimerVC.swift in Sources */ = {isa = PBXBuildFile; fileRef = 4441E3062989534400D6A3F1 /* TimerVC.swift */; };
		4441E30C298958C700D6A3F1 /* WorldTimeTableCell.swift in Sources */ = {isa = PBXBuildFile; fileRef = 4441E30B298958C700D6A3F1 /* WorldTimeTableCell.swift */; };
		4441E30E29895E7300D6A3F1 /* WorldTime.swift in Sources */ = {isa = PBXBuildFile; fileRef = 4441E30D29895E7300D6A3F1 /* WorldTime.swift */; };
		4441E31029896F4100D6A3F1 /* RegionsVC.swift in Sources */ = {isa = PBXBuildFile; fileRef = 4441E30F29896F4100D6A3F1 /* RegionsVC.swift */; };
		446A543C299BEB2B0020957C /* IphoneClockModel.xcdatamodeld in Sources */ = {isa = PBXBuildFile; fileRef = 446A543A299BEB2B0020957C /* IphoneClockModel.xcdatamodeld */; };
		449D93A129AB9DEA0045274F /* RepeatVC.swift in Sources */ = {isa = PBXBuildFile; fileRef = 449D93A029AB9DEA0045274F /* RepeatVC.swift */; };
		449D93A329AB9F290045274F /* RepeatData.swift in Sources */ = {isa = PBXBuildFile; fileRef = 449D93A229AB9F290045274F /* RepeatData.swift */; };
		44F5A261298B265A00D5AE15 /* SmartAlarmTableViewCell.swift in Sources */ = {isa = PBXBuildFile; fileRef = 44F5A260298B265A00D5AE15 /* SmartAlarmTableViewCell.swift */; };
		44F5A263298B35C800D5AE15 /* Alarm.swift in Sources */ = {isa = PBXBuildFile; fileRef = 44F5A262298B35C800D5AE15 /* Alarm.swift */; };
		44F5A265298B360C00D5AE15 /* AlarmData.swift in Sources */ = {isa = PBXBuildFile; fileRef = 44F5A264298B360C00D5AE15 /* AlarmData.swift */; };
		44F5A267298B36BD00D5AE15 /* AlarmTableViewCell.swift in Sources */ = {isa = PBXBuildFile; fileRef = 44F5A266298B36BD00D5AE15 /* AlarmTableViewCell.swift */; };
		44F5A269298B45BB00D5AE15 /* SetAlarmVC.swift in Sources */ = {isa = PBXBuildFile; fileRef = 44F5A268298B45BB00D5AE15 /* SetAlarmVC.swift */; };
		44F5A26D298F049900D5AE15 /* TimerModel.swift in Sources */ = {isa = PBXBuildFile; fileRef = 44F5A26C298F049900D5AE15 /* TimerModel.swift */; };
		44F5A26F298F058100D5AE15 /* TimerData.swift in Sources */ = {isa = PBXBuildFile; fileRef = 44F5A26E298F058100D5AE15 /* TimerData.swift */; };
		44F5A2712990523400D5AE15 /* Setting.swift in Sources */ = {isa = PBXBuildFile; fileRef = 44F5A2702990523400D5AE15 /* Setting.swift */; };
		44F5A2732990531A00D5AE15 /* SettingsData.swift in Sources */ = {isa = PBXBuildFile; fileRef = 44F5A2722990531A00D5AE15 /* SettingsData.swift */; };
		44F5A2752990570200D5AE15 /* SettingsTableCell.swift in Sources */ = {isa = PBXBuildFile; fileRef = 44F5A2742990570200D5AE15 /* SettingsTableCell.swift */; };
		44F5A2772991A85900D5AE15 /* Circle.swift in Sources */ = {isa = PBXBuildFile; fileRef = 44F5A2762991A85900D5AE15 /* Circle.swift */; };
		44F5A2792991A8E800D5AE15 /* CircleTableCell.swift in Sources */ = {isa = PBXBuildFile; fileRef = 44F5A2782991A8E800D5AE15 /* CircleTableCell.swift */; };
/* End PBXBuildFile section */

/* Begin PBXFileReference section */
		442849B4299BEF170027FB03 /* DataPersistenceManager.swift */ = {isa = PBXFileReference; lastKnownFileType = sourcecode.swift; path = DataPersistenceManager.swift; sourceTree = "<group>"; };
		44347795298AA5EF0017E389 /* WorldTimeData.swift */ = {isa = PBXFileReference; lastKnownFileType = sourcecode.swift; path = WorldTimeData.swift; sourceTree = "<group>"; };
		44347797298AAA4C0017E389 /* RegionTableViewCell.swift */ = {isa = PBXFileReference; lastKnownFileType = sourcecode.swift; path = RegionTableViewCell.swift; sourceTree = "<group>"; };
		4441E2E7298950CD00D6A3F1 /* Iphone Clock.app */ = {isa = PBXFileReference; explicitFileType = wrapper.application; includeInIndex = 0; path = "Iphone Clock.app"; sourceTree = BUILT_PRODUCTS_DIR; };
		4441E2EA298950CD00D6A3F1 /* AppDelegate.swift */ = {isa = PBXFileReference; lastKnownFileType = sourcecode.swift; path = AppDelegate.swift; sourceTree = "<group>"; };
		4441E2EC298950CD00D6A3F1 /* SceneDelegate.swift */ = {isa = PBXFileReference; lastKnownFileType = sourcecode.swift; path = SceneDelegate.swift; sourceTree = "<group>"; };
		4441E2F3298950CE00D6A3F1 /* Assets.xcassets */ = {isa = PBXFileReference; lastKnownFileType = folder.assetcatalog; path = Assets.xcassets; sourceTree = "<group>"; };
		4441E2F6298950CE00D6A3F1 /* Base */ = {isa = PBXFileReference; lastKnownFileType = file.storyboard; name = Base; path = Base.lproj/LaunchScreen.storyboard; sourceTree = "<group>"; };
		4441E2F8298950CE00D6A3F1 /* Info.plist */ = {isa = PBXFileReference; lastKnownFileType = text.plist.xml; path = Info.plist; sourceTree = "<group>"; };
		4441E2FE2989518500D6A3F1 /* TabBarC.swift */ = {isa = PBXFileReference; lastKnownFileType = sourcecode.swift; path = TabBarC.swift; sourceTree = "<group>"; };
		4441E300298952E100D6A3F1 /* WorldTimeVC.swift */ = {isa = PBXFileReference; lastKnownFileType = sourcecode.swift; path = WorldTimeVC.swift; sourceTree = "<group>"; };
		4441E302298952F100D6A3F1 /* AlarmVC.swift */ = {isa = PBXFileReference; lastKnownFileType = sourcecode.swift; path = AlarmVC.swift; sourceTree = "<group>"; };
		4441E3042989532300D6A3F1 /* StopWatchVC.swift */ = {isa = PBXFileReference; lastKnownFileType = sourcecode.swift; path = StopWatchVC.swift; sourceTree = "<group>"; };
		4441E3062989534400D6A3F1 /* TimerVC.swift */ = {isa = PBXFileReference; lastKnownFileType = sourcecode.swift; path = TimerVC.swift; sourceTree = "<group>"; };
		4441E30B298958C700D6A3F1 /* WorldTimeTableCell.swift */ = {isa = PBXFileReference; lastKnownFileType = sourcecode.swift; path = WorldTimeTableCell.swift; sourceTree = "<group>"; };
		4441E30D29895E7300D6A3F1 /* WorldTime.swift */ = {isa = PBXFileReference; lastKnownFileType = sourcecode.swift; path = WorldTime.swift; sourceTree = "<group>"; };
		4441E30F29896F4100D6A3F1 /* RegionsVC.swift */ = {isa = PBXFileReference; lastKnownFileType = sourcecode.swift; path = RegionsVC.swift; sourceTree = "<group>"; };
		446A543B299BEB2B0020957C /* IphoneClockModel.xcdatamodel */ = {isa = PBXFileReference; lastKnownFileType = wrapper.xcdatamodel; path = IphoneClockModel.xcdatamodel; sourceTree = "<group>"; };
		449D93A029AB9DEA0045274F /* RepeatVC.swift */ = {isa = PBXFileReference; lastKnownFileType = sourcecode.swift; path = RepeatVC.swift; sourceTree = "<group>"; };
		449D93A229AB9F290045274F /* RepeatData.swift */ = {isa = PBXFileReference; lastKnownFileType = sourcecode.swift; path = RepeatData.swift; sourceTree = "<group>"; };
		44F5A260298B265A00D5AE15 /* SmartAlarmTableViewCell.swift */ = {isa = PBXFileReference; lastKnownFileType = sourcecode.swift; path = SmartAlarmTableViewCell.swift; sourceTree = "<group>"; };
		44F5A262298B35C800D5AE15 /* Alarm.swift */ = {isa = PBXFileReference; lastKnownFileType = sourcecode.swift; path = Alarm.swift; sourceTree = "<group>"; };
		44F5A264298B360C00D5AE15 /* AlarmData.swift */ = {isa = PBXFileReference; lastKnownFileType = sourcecode.swift; path = AlarmData.swift; sourceTree = "<group>"; };
		44F5A266298B36BD00D5AE15 /* AlarmTableViewCell.swift */ = {isa = PBXFileReference; lastKnownFileType = sourcecode.swift; path = AlarmTableViewCell.swift; sourceTree = "<group>"; };
		44F5A268298B45BB00D5AE15 /* SetAlarmVC.swift */ = {isa = PBXFileReference; lastKnownFileType = sourcecode.swift; path = SetAlarmVC.swift; sourceTree = "<group>"; };
		44F5A26C298F049900D5AE15 /* TimerModel.swift */ = {isa = PBXFileReference; lastKnownFileType = sourcecode.swift; path = TimerModel.swift; sourceTree = "<group>"; };
		44F5A26E298F058100D5AE15 /* TimerData.swift */ = {isa = PBXFileReference; lastKnownFileType = sourcecode.swift; path = TimerData.swift; sourceTree = "<group>"; };
		44F5A2702990523400D5AE15 /* Setting.swift */ = {isa = PBXFileReference; lastKnownFileType = sourcecode.swift; path = Setting.swift; sourceTree = "<group>"; };
		44F5A2722990531A00D5AE15 /* SettingsData.swift */ = {isa = PBXFileReference; lastKnownFileType = sourcecode.swift; path = SettingsData.swift; sourceTree = "<group>"; };
		44F5A2742990570200D5AE15 /* SettingsTableCell.swift */ = {isa = PBXFileReference; lastKnownFileType = sourcecode.swift; path = SettingsTableCell.swift; sourceTree = "<group>"; };
		44F5A2762991A85900D5AE15 /* Circle.swift */ = {isa = PBXFileReference; lastKnownFileType = sourcecode.swift; path = Circle.swift; sourceTree = "<group>"; };
		44F5A2782991A8E800D5AE15 /* CircleTableCell.swift */ = {isa = PBXFileReference; lastKnownFileType = sourcecode.swift; path = CircleTableCell.swift; sourceTree = "<group>"; };
/* End PBXFileReference section */

/* Begin PBXFrameworksBuildPhase section */
		4441E2E4298950CD00D6A3F1 /* Frameworks */ = {
			isa = PBXFrameworksBuildPhase;
			buildActionMask = 2147483647;
			files = (
			);
			runOnlyForDeploymentPostprocessing = 0;
		};
/* End PBXFrameworksBuildPhase section */

/* Begin PBXGroup section */
		442849B3299BEEF00027FB03 /* Managers */ = {
			isa = PBXGroup;
			children = (
				442849B4299BEF170027FB03 /* DataPersistenceManager.swift */,
			);
			path = Managers;
			sourceTree = "<group>";
		};
		44347794298AA5D20017E389 /* Data */ = {
			isa = PBXGroup;
			children = (
				449D93A729ABBBE60045274F /* Core */,
				449D93A629ABBBDC0045274F /* General */,
			);
			path = Data;
			sourceTree = "<group>";
		};
		4441E2DE298950CD00D6A3F1 = {
			isa = PBXGroup;
			children = (
				4441E2E9298950CD00D6A3F1 /* Iphone Clock */,
				4441E2E8298950CD00D6A3F1 /* Products */,
			);
			sourceTree = "<group>";
		};
		4441E2E8298950CD00D6A3F1 /* Products */ = {
			isa = PBXGroup;
			children = (
				4441E2E7298950CD00D6A3F1 /* Iphone Clock.app */,
			);
			name = Products;
			sourceTree = "<group>";
		};
		4441E2E9298950CD00D6A3F1 /* Iphone Clock */ = {
			isa = PBXGroup;
			children = (
				442849B3299BEEF00027FB03 /* Managers */,
				44347794298AA5D20017E389 /* Data */,
				4441E30A2989589000D6A3F1 /* Model */,
				4441E3092989588900D6A3F1 /* View */,
				4441E3082989587E00D6A3F1 /* Controller */,
				4441E2EA298950CD00D6A3F1 /* AppDelegate.swift */,
				4441E2EC298950CD00D6A3F1 /* SceneDelegate.swift */,
				4441E2F3298950CE00D6A3F1 /* Assets.xcassets */,
				4441E2F5298950CE00D6A3F1 /* LaunchScreen.storyboard */,
				4441E2F8298950CE00D6A3F1 /* Info.plist */,
				446A543A299BEB2B0020957C /* IphoneClockModel.xcdatamodeld */,
			);
			path = "Iphone Clock";
			sourceTree = "<group>";
		};
		4441E3082989587E00D6A3F1 /* Controller */ = {
			isa = PBXGroup;
			children = (
				4441E31229896F6F00D6A3F1 /* Core */,
				4441E31129896F6100D6A3F1 /* General */,
			);
			path = Controller;
			sourceTree = "<group>";
		};
		4441E3092989588900D6A3F1 /* View */ = {
			isa = PBXGroup;
			children = (
				449D93A929ABBC610045274F /* Core */,
				449D93A829ABBC590045274F /* General */,
			);
			path = View;
			sourceTree = "<group>";
		};
		4441E30A2989589000D6A3F1 /* Model */ = {
			isa = PBXGroup;
			children = (
				449D93A529ABBB980045274F /* Core */,
				449D93A429ABBB610045274F /* General */,
			);
			path = Model;
			sourceTree = "<group>";
		};
		4441E31129896F6100D6A3F1 /* General */ = {
			isa = PBXGroup;
			children = (
				4441E30F29896F4100D6A3F1 /* RegionsVC.swift */,
				44F5A268298B45BB00D5AE15 /* SetAlarmVC.swift */,
				449D93A029AB9DEA0045274F /* RepeatVC.swift */,
			);
			path = General;
			sourceTree = "<group>";
		};
		4441E31229896F6F00D6A3F1 /* Core */ = {
			isa = PBXGroup;
			children = (
				4441E2FE2989518500D6A3F1 /* TabBarC.swift */,
				4441E300298952E100D6A3F1 /* WorldTimeVC.swift */,
				4441E302298952F100D6A3F1 /* AlarmVC.swift */,
				4441E3042989532300D6A3F1 /* StopWatchVC.swift */,
				4441E3062989534400D6A3F1 /* TimerVC.swift */,
			);
			path = Core;
			sourceTree = "<group>";
		};
		449D93A429ABBB610045274F /* General */ = {
			isa = PBXGroup;
			children = (
				44F5A2702990523400D5AE15 /* Setting.swift */,
			);
			path = General;
			sourceTree = "<group>";
		};
		449D93A529ABBB980045274F /* Core */ = {
			isa = PBXGroup;
			children = (
				4441E30D29895E7300D6A3F1 /* WorldTime.swift */,
				44F5A262298B35C800D5AE15 /* Alarm.swift */,
				44F5A26C298F049900D5AE15 /* TimerModel.swift */,
				44F5A2762991A85900D5AE15 /* Circle.swift */,
			);
			path = Core;
			sourceTree = "<group>";
		};
		449D93A629ABBBDC0045274F /* General */ = {
			isa = PBXGroup;
			children = (
				44F5A2722990531A00D5AE15 /* SettingsData.swift */,
				449D93A229AB9F290045274F /* RepeatData.swift */,
			);
			path = General;
			sourceTree = "<group>";
		};
		449D93A729ABBBE60045274F /* Core */ = {
			isa = PBXGroup;
			children = (
				44347795298AA5EF0017E389 /* WorldTimeData.swift */,
				44F5A264298B360C00D5AE15 /* AlarmData.swift */,
				44F5A26E298F058100D5AE15 /* TimerData.swift */,
			);
			path = Core;
			sourceTree = "<group>";
		};
		449D93A829ABBC590045274F /* General */ = {
			isa = PBXGroup;
			children = (
				44F5A2742990570200D5AE15 /* SettingsTableCell.swift */,
			);
			path = General;
			sourceTree = "<group>";
		};
		449D93A929ABBC610045274F /* Core */ = {
			isa = PBXGroup;
			children = (
				4441E30B298958C700D6A3F1 /* WorldTimeTableCell.swift */,
				44347797298AAA4C0017E389 /* RegionTableViewCell.swift */,
				44F5A260298B265A00D5AE15 /* SmartAlarmTableViewCell.swift */,
				44F5A266298B36BD00D5AE15 /* AlarmTableViewCell.swift */,
				44F5A2782991A8E800D5AE15 /* CircleTableCell.swift */,
			);
			path = Core;
			sourceTree = "<group>";
		};
/* End PBXGroup section */

/* Begin PBXNativeTarget section */
		4441E2E6298950CD00D6A3F1 /* Iphone Clock */ = {
			isa = PBXNativeTarget;
			buildConfigurationList = 4441E2FB298950CE00D6A3F1 /* Build configuration list for PBXNativeTarget "Iphone Clock" */;
			buildPhases = (
				4441E2E3298950CD00D6A3F1 /* Sources */,
				4441E2E4298950CD00D6A3F1 /* Frameworks */,
				4441E2E5298950CD00D6A3F1 /* Resources */,
			);
			buildRules = (
			);
			dependencies = (
			);
			name = "Iphone Clock";
			productName = "Iphone Clock";
			productReference = 4441E2E7298950CD00D6A3F1 /* Iphone Clock.app */;
			productType = "com.apple.product-type.application";
		};
/* End PBXNativeTarget section */

/* Begin PBXProject section */
		4441E2DF298950CD00D6A3F1 /* Project object */ = {
			isa = PBXProject;
			attributes = {
				BuildIndependentTargetsInParallel = 1;
				LastSwiftUpdateCheck = 1420;
				LastUpgradeCheck = 1420;
				TargetAttributes = {
					4441E2E6298950CD00D6A3F1 = {
						CreatedOnToolsVersion = 14.2;
					};
				};
			};
			buildConfigurationList = 4441E2E2298950CD00D6A3F1 /* Build configuration list for PBXProject "Iphone Clock" */;
			compatibilityVersion = "Xcode 14.0";
			developmentRegion = en;
			hasScannedForEncodings = 0;
			knownRegions = (
				en,
				Base,
			);
			mainGroup = 4441E2DE298950CD00D6A3F1;
			productRefGroup = 4441E2E8298950CD00D6A3F1 /* Products */;
			projectDirPath = "";
			projectRoot = "";
			targets = (
				4441E2E6298950CD00D6A3F1 /* Iphone Clock */,
			);
		};
/* End PBXProject section */

/* Begin PBXResourcesBuildPhase section */
		4441E2E5298950CD00D6A3F1 /* Resources */ = {
			isa = PBXResourcesBuildPhase;
			buildActionMask = 2147483647;
			files = (
				4441E2F7298950CE00D6A3F1 /* LaunchScreen.storyboard in Resources */,
				4441E2F4298950CE00D6A3F1 /* Assets.xcassets in Resources */,
			);
			runOnlyForDeploymentPostprocessing = 0;
		};
/* End PBXResourcesBuildPhase section */

/* Begin PBXSourcesBuildPhase section */
		4441E2E3298950CD00D6A3F1 /* Sources */ = {
			isa = PBXSourcesBuildPhase;
			buildActionMask = 2147483647;
			files = (
				44F5A265298B360C00D5AE15 /* AlarmData.swift in Sources */,
				449D93A129AB9DEA0045274F /* RepeatVC.swift in Sources */,
				4441E301298952E100D6A3F1 /* WorldTimeVC.swift in Sources */,
				44F5A2792991A8E800D5AE15 /* CircleTableCell.swift in Sources */,
				44F5A261298B265A00D5AE15 /* SmartAlarmTableViewCell.swift in Sources */,
				44F5A267298B36BD00D5AE15 /* AlarmTableViewCell.swift in Sources */,
				44347796298AA5F00017E389 /* WorldTimeData.swift in Sources */,
				4441E3072989534400D6A3F1 /* TimerVC.swift in Sources */,
				44347798298AAA4C0017E389 /* RegionTableViewCell.swift in Sources */,
				44F5A263298B35C800D5AE15 /* Alarm.swift in Sources */,
				4441E30C298958C700D6A3F1 /* WorldTimeTableCell.swift in Sources */,
				44F5A26F298F058100D5AE15 /* TimerData.swift in Sources */,
				44F5A2712990523400D5AE15 /* Setting.swift in Sources */,
				44F5A26D298F049900D5AE15 /* TimerModel.swift in Sources */,
				4441E30E29895E7300D6A3F1 /* WorldTime.swift in Sources */,
				44F5A269298B45BB00D5AE15 /* SetAlarmVC.swift in Sources */,
				44F5A2732990531A00D5AE15 /* SettingsData.swift in Sources */,
				4441E2EB298950CD00D6A3F1 /* AppDelegate.swift in Sources */,
				4441E2ED298950CD00D6A3F1 /* SceneDelegate.swift in Sources */,
				44F5A2752990570200D5AE15 /* SettingsTableCell.swift in Sources */,
				4441E303298952F100D6A3F1 /* AlarmVC.swift in Sources */,
				4441E31029896F4100D6A3F1 /* RegionsVC.swift in Sources */,
				449D93A329AB9F290045274F /* RepeatData.swift in Sources */,
				446A543C299BEB2B0020957C /* IphoneClockModel.xcdatamodeld in Sources */,
				44F5A2772991A85900D5AE15 /* Circle.swift in Sources */,
				442849B5299BEF170027FB03 /* DataPersistenceManager.swift in Sources */,
				4441E3052989532300D6A3F1 /* StopWatchVC.swift in Sources */,
				4441E2FF2989518500D6A3F1 /* TabBarC.swift in Sources */,
			);
			runOnlyForDeploymentPostprocessing = 0;
		};
/* End PBXSourcesBuildPhase section */

/* Begin PBXVariantGroup section */
		4441E2F5298950CE00D6A3F1 /* LaunchScreen.storyboard */ = {
			isa = PBXVariantGroup;
			children = (
				4441E2F6298950CE00D6A3F1 /* Base */,
			);
			name = LaunchScreen.storyboard;
			sourceTree = "<group>";
		};
/* End PBXVariantGroup section */

/* Begin XCBuildConfiguration section */
		4441E2F9298950CE00D6A3F1 /* Debug */ = {
			isa = XCBuildConfiguration;
			buildSettings = {
				ALWAYS_SEARCH_USER_PATHS = NO;
				CLANG_ANALYZER_NONNULL = YES;
				CLANG_ANALYZER_NUMBER_OBJECT_CONVERSION = YES_AGGRESSIVE;
				CLANG_CXX_LANGUAGE_STANDARD = "gnu++20";
				CLANG_ENABLE_MODULES = YES;
				CLANG_ENABLE_OBJC_ARC = YES;
				CLANG_ENABLE_OBJC_WEAK = YES;
				CLANG_WARN_BLOCK_CAPTURE_AUTORELEASING = YES;
				CLANG_WARN_BOOL_CONVERSION = YES;
				CLANG_WARN_COMMA = YES;
				CLANG_WARN_CONSTANT_CONVERSION = YES;
				CLANG_WARN_DEPRECATED_OBJC_IMPLEMENTATIONS = YES;
				CLANG_WARN_DIRECT_OBJC_ISA_USAGE = YES_ERROR;
				CLANG_WARN_DOCUMENTATION_COMMENTS = YES;
				CLANG_WARN_EMPTY_BODY = YES;
				CLANG_WARN_ENUM_CONVERSION = YES;
				CLANG_WARN_INFINITE_RECURSION = YES;
				CLANG_WARN_INT_CONVERSION = YES;
				CLANG_WARN_NON_LITERAL_NULL_CONVERSION = YES;
				CLANG_WARN_OBJC_IMPLICIT_RETAIN_SELF = YES;
				CLANG_WARN_OBJC_LITERAL_CONVERSION = YES;
				CLANG_WARN_OBJC_ROOT_CLASS = YES_ERROR;
				CLANG_WARN_QUOTED_INCLUDE_IN_FRAMEWORK_HEADER = YES;
				CLANG_WARN_RANGE_LOOP_ANALYSIS = YES;
				CLANG_WARN_STRICT_PROTOTYPES = YES;
				CLANG_WARN_SUSPICIOUS_MOVE = YES;
				CLANG_WARN_UNGUARDED_AVAILABILITY = YES_AGGRESSIVE;
				CLANG_WARN_UNREACHABLE_CODE = YES;
				CLANG_WARN__DUPLICATE_METHOD_MATCH = YES;
				COPY_PHASE_STRIP = NO;
				DEBUG_INFORMATION_FORMAT = dwarf;
				ENABLE_STRICT_OBJC_MSGSEND = YES;
				ENABLE_TESTABILITY = YES;
				GCC_C_LANGUAGE_STANDARD = gnu11;
				GCC_DYNAMIC_NO_PIC = NO;
				GCC_NO_COMMON_BLOCKS = YES;
				GCC_OPTIMIZATION_LEVEL = 0;
				GCC_PREPROCESSOR_DEFINITIONS = (
					"DEBUG=1",
					"$(inherited)",
				);
				GCC_WARN_64_TO_32_BIT_CONVERSION = YES;
				GCC_WARN_ABOUT_RETURN_TYPE = YES_ERROR;
				GCC_WARN_UNDECLARED_SELECTOR = YES;
				GCC_WARN_UNINITIALIZED_AUTOS = YES_AGGRESSIVE;
				GCC_WARN_UNUSED_FUNCTION = YES;
				GCC_WARN_UNUSED_VARIABLE = YES;
				IPHONEOS_DEPLOYMENT_TARGET = 16.2;
				MTL_ENABLE_DEBUG_INFO = INCLUDE_SOURCE;
				MTL_FAST_MATH = YES;
				ONLY_ACTIVE_ARCH = YES;
				SDKROOT = iphoneos;
				SWIFT_ACTIVE_COMPILATION_CONDITIONS = DEBUG;
				SWIFT_OPTIMIZATION_LEVEL = "-Onone";
			};
			name = Debug;
		};
		4441E2FA298950CE00D6A3F1 /* Release */ = {
			isa = XCBuildConfiguration;
			buildSettings = {
				ALWAYS_SEARCH_USER_PATHS = NO;
				CLANG_ANALYZER_NONNULL = YES;
				CLANG_ANALYZER_NUMBER_OBJECT_CONVERSION = YES_AGGRESSIVE;
				CLANG_CXX_LANGUAGE_STANDARD = "gnu++20";
				CLANG_ENABLE_MODULES = YES;
				CLANG_ENABLE_OBJC_ARC = YES;
				CLANG_ENABLE_OBJC_WEAK = YES;
				CLANG_WARN_BLOCK_CAPTURE_AUTORELEASING = YES;
				CLANG_WARN_BOOL_CONVERSION = YES;
				CLANG_WARN_COMMA = YES;
				CLANG_WARN_CONSTANT_CONVERSION = YES;
				CLANG_WARN_DEPRECATED_OBJC_IMPLEMENTATIONS = YES;
				CLANG_WARN_DIRECT_OBJC_ISA_USAGE = YES_ERROR;
				CLANG_WARN_DOCUMENTATION_COMMENTS = YES;
				CLANG_WARN_EMPTY_BODY = YES;
				CLANG_WARN_ENUM_CONVERSION = YES;
				CLANG_WARN_INFINITE_RECURSION = YES;
				CLANG_WARN_INT_CONVERSION = YES;
				CLANG_WARN_NON_LITERAL_NULL_CONVERSION = YES;
				CLANG_WARN_OBJC_IMPLICIT_RETAIN_SELF = YES;
				CLANG_WARN_OBJC_LITERAL_CONVERSION = YES;
				CLANG_WARN_OBJC_ROOT_CLASS = YES_ERROR;
				CLANG_WARN_QUOTED_INCLUDE_IN_FRAMEWORK_HEADER = YES;
				CLANG_WARN_RANGE_LOOP_ANALYSIS = YES;
				CLANG_WARN_STRICT_PROTOTYPES = YES;
				CLANG_WARN_SUSPICIOUS_MOVE = YES;
				CLANG_WARN_UNGUARDED_AVAILABILITY = YES_AGGRESSIVE;
				CLANG_WARN_UNREACHABLE_CODE = YES;
				CLANG_WARN__DUPLICATE_METHOD_MATCH = YES;
				COPY_PHASE_STRIP = NO;
				DEBUG_INFORMATION_FORMAT = "dwarf-with-dsym";
				ENABLE_NS_ASSERTIONS = NO;
				ENABLE_STRICT_OBJC_MSGSEND = YES;
				GCC_C_LANGUAGE_STANDARD = gnu11;
				GCC_NO_COMMON_BLOCKS = YES;
				GCC_WARN_64_TO_32_BIT_CONVERSION = YES;
				GCC_WARN_ABOUT_RETURN_TYPE = YES_ERROR;
				GCC_WARN_UNDECLARED_SELECTOR = YES;
				GCC_WARN_UNINITIALIZED_AUTOS = YES_AGGRESSIVE;
				GCC_WARN_UNUSED_FUNCTION = YES;
				GCC_WARN_UNUSED_VARIABLE = YES;
				IPHONEOS_DEPLOYMENT_TARGET = 16.2;
				MTL_ENABLE_DEBUG_INFO = NO;
				MTL_FAST_MATH = YES;
				SDKROOT = iphoneos;
				SWIFT_COMPILATION_MODE = wholemodule;
				SWIFT_OPTIMIZATION_LEVEL = "-O";
				VALIDATE_PRODUCT = YES;
			};
			name = Release;
		};
		4441E2FC298950CE00D6A3F1 /* Debug */ = {
			isa = XCBuildConfiguration;
			buildSettings = {
				ASSETCATALOG_COMPILER_APPICON_NAME = AppIcon;
				ASSETCATALOG_COMPILER_GLOBAL_ACCENT_COLOR_NAME = AccentColor;
				CODE_SIGN_STYLE = Automatic;
				CURRENT_PROJECT_VERSION = 1;
				DEVELOPMENT_TEAM = 3PN53MQP93;
				GENERATE_INFOPLIST_FILE = YES;
				INFOPLIST_FILE = "Iphone Clock/Info.plist";
				INFOPLIST_KEY_UIApplicationSupportsIndirectInputEvents = YES;
				INFOPLIST_KEY_UILaunchStoryboardName = LaunchScreen;
				INFOPLIST_KEY_UISupportedInterfaceOrientations_iPad = "UIInterfaceOrientationPortrait UIInterfaceOrientationPortraitUpsideDown UIInterfaceOrientationLandscapeLeft UIInterfaceOrientationLandscapeRight";
				INFOPLIST_KEY_UISupportedInterfaceOrientations_iPhone = "UIInterfaceOrientationPortrait UIInterfaceOrientationLandscapeLeft UIInterfaceOrientationLandscapeRight";
				LD_RUNPATH_SEARCH_PATHS = (
					"$(inherited)",
					"@executable_path/Frameworks",
				);
				MARKETING_VERSION = 1.0;
				PRODUCT_BUNDLE_IDENTIFIER = "com.smakhtin.IphoneClock.Iphone-Clock";
				PRODUCT_NAME = "$(TARGET_NAME)";
				SWIFT_EMIT_LOC_STRINGS = YES;
				SWIFT_VERSION = 5.0;
				TARGETED_DEVICE_FAMILY = "1,2";
			};
			name = Debug;
		};
		4441E2FD298950CE00D6A3F1 /* Release */ = {
			isa = XCBuildConfiguration;
			buildSettings = {
				ASSETCATALOG_COMPILER_APPICON_NAME = AppIcon;
				ASSETCATALOG_COMPILER_GLOBAL_ACCENT_COLOR_NAME = AccentColor;
				CODE_SIGN_STYLE = Automatic;
				CURRENT_PROJECT_VERSION = 1;
				DEVELOPMENT_TEAM = 3PN53MQP93;
				GENERATE_INFOPLIST_FILE = YES;
				INFOPLIST_FILE = "Iphone Clock/Info.plist";
				INFOPLIST_KEY_UIApplicationSupportsIndirectInputEvents = YES;
				INFOPLIST_KEY_UILaunchStoryboardName = LaunchScreen;
				INFOPLIST_KEY_UISupportedInterfaceOrientations_iPad = "UIInterfaceOrientationPortrait UIInterfaceOrientationPortraitUpsideDown UIInterfaceOrientationLandscapeLeft UIInterfaceOrientationLandscapeRight";
				INFOPLIST_KEY_UISupportedInterfaceOrientations_iPhone = "UIInterfaceOrientationPortrait UIInterfaceOrientationLandscapeLeft UIInterfaceOrientationLandscapeRight";
				LD_RUNPATH_SEARCH_PATHS = (
					"$(inherited)",
					"@executable_path/Frameworks",
				);
				MARKETING_VERSION = 1.0;
				PRODUCT_BUNDLE_IDENTIFIER = "com.smakhtin.IphoneClock.Iphone-Clock";
				PRODUCT_NAME = "$(TARGET_NAME)";
				SWIFT_EMIT_LOC_STRINGS = YES;
				SWIFT_VERSION = 5.0;
				TARGETED_DEVICE_FAMILY = "1,2";
			};
			name = Release;
		};
/* End XCBuildConfiguration section */

/* Begin XCConfigurationList section */
		4441E2E2298950CD00D6A3F1 /* Build configuration list for PBXProject "Iphone Clock" */ = {
			isa = XCConfigurationList;
			buildConfigurations = (
				4441E2F9298950CE00D6A3F1 /* Debug */,
				4441E2FA298950CE00D6A3F1 /* Release */,
			);
			defaultConfigurationIsVisible = 0;
			defaultConfigurationName = Release;
		};
		4441E2FB298950CE00D6A3F1 /* Build configuration list for PBXNativeTarget "Iphone Clock" */ = {
			isa = XCConfigurationList;
			buildConfigurations = (
				4441E2FC298950CE00D6A3F1 /* Debug */,
				4441E2FD298950CE00D6A3F1 /* Release */,
			);
			defaultConfigurationIsVisible = 0;
			defaultConfigurationName = Release;
		};
/* End XCConfigurationList section */

/* Begin XCVersionGroup section */
		446A543A299BEB2B0020957C /* IphoneClockModel.xcdatamodeld */ = {
			isa = XCVersionGroup;
			children = (
				446A543B299BEB2B0020957C /* IphoneClockModel.xcdatamodel */,
			);
			currentVersion = 446A543B299BEB2B0020957C /* IphoneClockModel.xcdatamodel */;
			path = IphoneClockModel.xcdatamodeld;
			sourceTree = "<group>";
			versionGroupType = wrapper.xcdatamodel;
		};
/* End XCVersionGroup section */
	};
	rootObject = 4441E2DF298950CD00D6A3F1 /* Project object */;
}
